
Microsoft Visual Studio Solution File, Format Version 12.00
# Visual Studio Version 16
VisualStudioVersion = 16.0.30611.23
MinimumVisualStudioVersion = 10.0.40219.1
Project("{FAE04EC0-301F-11D3-BF4B-00C04F79EFBC}") = "Lesson3", "Lesson3\Lesson3.csproj", "{901DF327-00CF-4CCF-8CAF-CAF5B7A8B657}"
EndProject
Project("{FAE04EC0-301F-11D3-BF4B-00C04F79EFBC}") = "solid11", "solid11\solid11.csproj", "{59042843-A15A-4F00-BE34-2A7D728AA152}"
EndProject
Project("{FAE04EC0-301F-11D3-BF4B-00C04F79EFBC}") = "solid13", "solid13\solid13.csproj", "{E4FD3833-37AE-489A-97BB-3160277665BE}"
EndProject
Project("{FAE04EC0-301F-11D3-BF4B-00C04F79EFBC}") = "solid14", "solid14\solid14.csproj", "{A6A15554-A8CC-4CF5-8CAA-84728FB61E44}"
EndProject
Project("{FAE04EC0-301F-11D3-BF4B-00C04F79EFBC}") = "solid15", "solid15\solid15.csproj", "{4E5863EE-9F4C-453D-A127-EEED6CC1B3BC}"
EndProject
Project("{FAE04EC0-301F-11D3-BF4B-00C04F79EFBC}") = "solid17", "solid17\solid17.csproj", "{5A7D4535-8C98-46C5-B44C-7CC039D249A1}"
EndProject
Project("{FAE04EC0-301F-11D3-BF4B-00C04F79EFBC}") = "solid27", "solid27\solid27.csproj", "{D63B4F72-0B3E-4516-A274-26E04C562D3C}"
EndProject
Project("{FAE04EC0-301F-11D3-BF4B-00C04F79EFBC}") = "solid28", "solid28\solid28.csproj", "{BE0F73C7-EDDA-472F-B5CF-7EE0ED007B90}"
EndProject
Project("{FAE04EC0-301F-11D3-BF4B-00C04F79EFBC}") = "solid29", "solid29\solid29.csproj", "{E3FB9D1A-610C-4154-9BAC-8B78C6B58F41}"
EndProject
Project("{FAE04EC0-301F-11D3-BF4B-00C04F79EFBC}") = "solid34", "solid34\solid34.csproj", "{1622BAFC-60E4-4B2B-9EF2-236427B70F31}"
EndProject
Project("{FAE04EC0-301F-11D3-BF4B-00C04F79EFBC}") = "solid34a", "solid34a\solid34a.csproj", "{679281A9-BCAE-4ED4-8BF0-B0C151E5B0B8}"
EndProject
Project("{FAE04EC0-301F-11D3-BF4B-00C04F79EFBC}") = "solid38", "solid38\solid38.csproj", "{F8B61E43-2030-43AA-9CEB-F7FDDC3CEC15}"
EndProject
Project("{FAE04EC0-301F-11D3-BF4B-00C04F79EFBC}") = "solid40", "solid40\solid40.csproj", "{129C9308-E90F-48CC-9595-C259F64E76C3}"
EndProject
Project("{FAE04EC0-301F-11D3-BF4B-00C04F79EFBC}") = "solid42a", "solid42a\solid42a.csproj", "{F454F52B-905C-444A-BB00-51DFEB710D78}"
EndProject
Project("{FAE04EC0-301F-11D3-BF4B-00C04F79EFBC}") = "solid42b", "solid42b\solid42b.csproj", "{0D02C39E-0446-421C-9D4C-50B1B0FFAF85}"
EndProject
Project("{FAE04EC0-301F-11D3-BF4B-00C04F79EFBC}") = "solid42c", "solid42c\solid42c.csproj", "{539D1E80-93EE-41F2-A2D8-86EFBC39A267}"
EndProject
Project("{FAE04EC0-301F-11D3-BF4B-00C04F79EFBC}") = "solid54", "solid54\solid54.csproj", "{A3870EBE-597E-46B2-BAA4-F57077A9DF3E}"
EndProject
Project("{FAE04EC0-301F-11D3-BF4B-00C04F79EFBC}") = "solid36", "solid36\solid36.csproj", "{629E9FEA-0906-492A-B041-F64C93DFD7F0}"
EndProject
Project("{FAE04EC0-301F-11D3-BF4B-00C04F79EFBC}") = "solid59", "solid59\solid59.csproj", "{671E7003-45CD-4170-80EF-310C272B473E}"
EndProject
Project("{FAE04EC0-301F-11D3-BF4B-00C04F79EFBC}") = "solid59a", "solid59a\solid59a.csproj", "{9FF61100-8C81-48F7-8E7C-B4126E6FD6A8}"
EndProject
Project("{FAE04EC0-301F-11D3-BF4B-00C04F79EFBC}") = "solid67", "solid67\solid67.csproj", "{D160D411-1C41-4479-AE65-78F3F429EF63}"
EndProject
Project("{FAE04EC0-301F-11D3-BF4B-00C04F79EFBC}") = "solid69", "solid69\solid69.csproj", "{BACE4C99-DF7F-4585-9FCA-41731154F966}"
EndProject
Project("{FAE04EC0-301F-11D3-BF4B-00C04F79EFBC}") = "solid67a", "solid67a\solid67a.csproj", "{E983A146-6F04-42D1-A663-8329DA2F8AEC}"
EndProject
Project("{FAE04EC0-301F-11D3-BF4B-00C04F79EFBC}") = "solid60", "solid60\solid60.csproj", "{DDB764B9-F14B-4497-A841-50128B70BE39}"
EndProject
Project("{FAE04EC0-301F-11D3-BF4B-00C04F79EFBC}") = "solid59b", "solid59b\solid59b.csproj", "{9A0CAA35-7DD1-4247-9696-237FC2F9A7C7}"
EndProject
Project("{FAE04EC0-301F-11D3-BF4B-00C04F79EFBC}") = "solid66a", "solid66a\solid66a.csproj", "{5297FD61-611F-4457-8D74-3FBF6707FDEE}"
EndProject
Project("{FAE04EC0-301F-11D3-BF4B-00C04F79EFBC}") = "solid66b", "solid66b\solid66b.csproj", "{BD45E14C-1126-40EE-B6F0-4333A742A3FA}"
EndProject
Project("{FAE04EC0-301F-11D3-BF4B-00C04F79EFBC}") = "solid90a", "solid90\solid90a.csproj", "{F8AE52DC-9AC5-4B3F-897B-76AD2DE72633}"
EndProject
Project("{FAE04EC0-301F-11D3-BF4B-00C04F79EFBC}") = "solid90b", "solid90b\solid90b.csproj", "{64A74572-FD26-46CF-AD38-603A44A7F377}"
EndProject
Project("{FAE04EC0-301F-11D3-BF4B-00C04F79EFBC}") = "solid86a", "solid86a\solid86a.csproj", "{82A2D1F1-44D9-4873-8427-ABA86B890CAC}"
EndProject
Project("{FAE04EC0-301F-11D3-BF4B-00C04F79EFBC}") = "solid86b", "solid86b\solid86b.csproj", "{933F7E0C-2DE8-4770-8001-55D6D6052EA1}"
EndProject
Project("{FAE04EC0-301F-11D3-BF4B-00C04F79EFBC}") = "solid86c", "solid86c\solid86c.csproj", "{B3F8C159-F58A-438C-AEA3-4326400D3847}"
EndProject
Project("{FAE04EC0-301F-11D3-BF4B-00C04F79EFBC}") = "solid8", "solid8\solid8.csproj", "{6C9D45F6-3B9C-47D3-97C3-449AE931BFB5}"
EndProject
Project("{FAE04EC0-301F-11D3-BF4B-00C04F79EFBC}") = "solid10", "solid10\solid10.csproj", "{8A1B220A-DF89-46E9-A5DF-FE6A3AD35526}"
EndProject
Project("{FAE04EC0-301F-11D3-BF4B-00C04F79EFBC}") = "solid37", "solid37\solid37.csproj", "{BB01C390-CD31-47F6-94C4-C89F43BC157F}"
EndProject
Project("{FAE04EC0-301F-11D3-BF4B-00C04F79EFBC}") = "solid19", "solid19\solid19.csproj", "{5FD21A78-6AC6-4382-B401-9B775F73BBF5}"
EndProject
Project("{FAE04EC0-301F-11D3-BF4B-00C04F79EFBC}") = "solid20", "solid20\solid20.csproj", "{431EA97D-51E1-48A4-8819-477FDD88C587}"
EndProject
Project("{FAE04EC0-301F-11D3-BF4B-00C04F79EFBC}") = "solid21", "solid21\solid21.csproj", "{65B6096C-3DCA-4CD1-81E7-9DB8B833CDAD}"
EndProject
Project("{FAE04EC0-301F-11D3-BF4B-00C04F79EFBC}") = "solid23", "solid23\solid23.csproj", "{CE7A0499-C43E-4C66-9992-335E6AA25C4D}"
EndProject
Project("{FAE04EC0-301F-11D3-BF4B-00C04F79EFBC}") = "solid53", "solid53\solid53.csproj", "{9CEA595B-6955-445B-8855-13B00EC910CC}"
EndProject
Project("{FAE04EC0-301F-11D3-BF4B-00C04F79EFBC}") = "solid31", "solid31\solid31.csproj", "{804064A3-49F1-4767-A15D-BF811FD672F7}"
EndProject
Project("{FAE04EC0-301F-11D3-BF4B-00C04F79EFBC}") = "solid32", "solid32\solid32.csproj", "{F7ACF6C3-230C-4D77-AA2E-CE82F8FFD05F}"
EndProject
Project("{FAE04EC0-301F-11D3-BF4B-00C04F79EFBC}") = "solid63", "solid63\solid63.csproj", "{B25D0B5A-CC71-4DC3-98B4-9C6957F95FEA}"
EndProject
Project("{FAE04EC0-301F-11D3-BF4B-00C04F79EFBC}") = "solid39", "solid39\solid39.csproj", "{6454E0D4-DABA-4E46-8816-F49B742669D2}"
EndProject
Project("{FAE04EC0-301F-11D3-BF4B-00C04F79EFBC}") = "solid41", "solid41\solid41.csproj", "{987A33D8-386C-4CAA-A71E-1E736E4F2369}"
EndProject
Project("{FAE04EC0-301F-11D3-BF4B-00C04F79EFBC}") = "solid44", "solid44\solid44.csproj", "{645CE321-AD18-4E5B-98BD-66ED9C1BC0A0}"
EndProject
Project("{FAE04EC0-301F-11D3-BF4B-00C04F79EFBC}") = "solid56", "solid56\solid56.csproj", "{DB2680D5-1CB6-48F9-91D2-33651445AFEB}"
EndProject
Project("{FAE04EC0-301F-11D3-BF4B-00C04F79EFBC}") = "solid57", "solid57\solid57.csproj", "{FC15B713-6AF6-4455-947E-021A70C53F27}"
EndProject
Project("{FAE04EC0-301F-11D3-BF4B-00C04F79EFBC}") = "solid61a", "solid61a\solid61a.csproj", "{83845F01-C57A-4BA9-8C55-4591F7A1A827}"
EndProject
Project("{FAE04EC0-301F-11D3-BF4B-00C04F79EFBC}") = "solid61b", "solid61b\solid61b.csproj", "{7B6A16FE-8389-4B98-BDE1-DA888DDC0298}"
EndProject
Project("{FAE04EC0-301F-11D3-BF4B-00C04F79EFBC}") = "solid68", "solid68\solid68.csproj", "{70077B5C-D23D-4F28-940B-6D494F14CB55}"
EndProject
Project("{FAE04EC0-301F-11D3-BF4B-00C04F79EFBC}") = "solid73", "solid73\solid73.csproj", "{767F9EC7-D592-449E-B541-ECFCD5422E0F}"
EndProject
Project("{FAE04EC0-301F-11D3-BF4B-00C04F79EFBC}") = "solid89", "solid89\solid89.csproj", "{F9B88381-93E1-47F7-83A4-FC72FEBD744F}"
EndProject
Project("{FAE04EC0-301F-11D3-BF4B-00C04F79EFBC}") = "solid92", "solid92\solid92.csproj", "{6A46F910-0F81-4675-A85A-5DE73BEAF7FD}"
EndProject
Project("{FAE04EC0-301F-11D3-BF4B-00C04F79EFBC}") = "Solid57a", "Solid57a\Solid57a.csproj", "{4CD871AD-9AF2-41C6-B13C-3E0BB194E2A0}"
EndProject
Global
	GlobalSection(SolutionConfigurationPlatforms) = preSolution
		Debug|Any CPU = Debug|Any CPU
		Release|Any CPU = Release|Any CPU
	EndGlobalSection
	GlobalSection(ProjectConfigurationPlatforms) = postSolution
		{901DF327-00CF-4CCF-8CAF-CAF5B7A8B657}.Debug|Any CPU.ActiveCfg = Debug|Any CPU
		{901DF327-00CF-4CCF-8CAF-CAF5B7A8B657}.Debug|Any CPU.Build.0 = Debug|Any CPU
		{901DF327-00CF-4CCF-8CAF-CAF5B7A8B657}.Release|Any CPU.ActiveCfg = Release|Any CPU
		{901DF327-00CF-4CCF-8CAF-CAF5B7A8B657}.Release|Any CPU.Build.0 = Release|Any CPU
		{59042843-A15A-4F00-BE34-2A7D728AA152}.Debug|Any CPU.ActiveCfg = Debug|Any CPU
		{59042843-A15A-4F00-BE34-2A7D728AA152}.Debug|Any CPU.Build.0 = Debug|Any CPU
		{59042843-A15A-4F00-BE34-2A7D728AA152}.Release|Any CPU.ActiveCfg = Release|Any CPU
		{59042843-A15A-4F00-BE34-2A7D728AA152}.Release|Any CPU.Build.0 = Release|Any CPU
		{E4FD3833-37AE-489A-97BB-3160277665BE}.Debug|Any CPU.ActiveCfg = Debug|Any CPU
		{E4FD3833-37AE-489A-97BB-3160277665BE}.Debug|Any CPU.Build.0 = Debug|Any CPU
		{E4FD3833-37AE-489A-97BB-3160277665BE}.Release|Any CPU.ActiveCfg = Release|Any CPU
		{E4FD3833-37AE-489A-97BB-3160277665BE}.Release|Any CPU.Build.0 = Release|Any CPU
		{A6A15554-A8CC-4CF5-8CAA-84728FB61E44}.Debug|Any CPU.ActiveCfg = Debug|Any CPU
		{A6A15554-A8CC-4CF5-8CAA-84728FB61E44}.Debug|Any CPU.Build.0 = Debug|Any CPU
		{A6A15554-A8CC-4CF5-8CAA-84728FB61E44}.Release|Any CPU.ActiveCfg = Release|Any CPU
		{A6A15554-A8CC-4CF5-8CAA-84728FB61E44}.Release|Any CPU.Build.0 = Release|Any CPU
		{4E5863EE-9F4C-453D-A127-EEED6CC1B3BC}.Debug|Any CPU.ActiveCfg = Debug|Any CPU
		{4E5863EE-9F4C-453D-A127-EEED6CC1B3BC}.Debug|Any CPU.Build.0 = Debug|Any CPU
		{4E5863EE-9F4C-453D-A127-EEED6CC1B3BC}.Release|Any CPU.ActiveCfg = Release|Any CPU
		{4E5863EE-9F4C-453D-A127-EEED6CC1B3BC}.Release|Any CPU.Build.0 = Release|Any CPU
		{5A7D4535-8C98-46C5-B44C-7CC039D249A1}.Debug|Any CPU.ActiveCfg = Debug|Any CPU
		{5A7D4535-8C98-46C5-B44C-7CC039D249A1}.Debug|Any CPU.Build.0 = Debug|Any CPU
		{5A7D4535-8C98-46C5-B44C-7CC039D249A1}.Release|Any CPU.ActiveCfg = Release|Any CPU
		{5A7D4535-8C98-46C5-B44C-7CC039D249A1}.Release|Any CPU.Build.0 = Release|Any CPU
		{D63B4F72-0B3E-4516-A274-26E04C562D3C}.Debug|Any CPU.ActiveCfg = Debug|Any CPU
		{D63B4F72-0B3E-4516-A274-26E04C562D3C}.Debug|Any CPU.Build.0 = Debug|Any CPU
		{D63B4F72-0B3E-4516-A274-26E04C562D3C}.Release|Any CPU.ActiveCfg = Release|Any CPU
		{D63B4F72-0B3E-4516-A274-26E04C562D3C}.Release|Any CPU.Build.0 = Release|Any CPU
		{BE0F73C7-EDDA-472F-B5CF-7EE0ED007B90}.Debug|Any CPU.ActiveCfg = Debug|Any CPU
		{BE0F73C7-EDDA-472F-B5CF-7EE0ED007B90}.Debug|Any CPU.Build.0 = Debug|Any CPU
		{BE0F73C7-EDDA-472F-B5CF-7EE0ED007B90}.Release|Any CPU.ActiveCfg = Release|Any CPU
		{BE0F73C7-EDDA-472F-B5CF-7EE0ED007B90}.Release|Any CPU.Build.0 = Release|Any CPU
		{E3FB9D1A-610C-4154-9BAC-8B78C6B58F41}.Debug|Any CPU.ActiveCfg = Debug|Any CPU
		{E3FB9D1A-610C-4154-9BAC-8B78C6B58F41}.Debug|Any CPU.Build.0 = Debug|Any CPU
		{E3FB9D1A-610C-4154-9BAC-8B78C6B58F41}.Release|Any CPU.ActiveCfg = Release|Any CPU
		{E3FB9D1A-610C-4154-9BAC-8B78C6B58F41}.Release|Any CPU.Build.0 = Release|Any CPU
		{1622BAFC-60E4-4B2B-9EF2-236427B70F31}.Debug|Any CPU.ActiveCfg = Debug|Any CPU
		{1622BAFC-60E4-4B2B-9EF2-236427B70F31}.Debug|Any CPU.Build.0 = Debug|Any CPU
		{1622BAFC-60E4-4B2B-9EF2-236427B70F31}.Release|Any CPU.ActiveCfg = Release|Any CPU
		{1622BAFC-60E4-4B2B-9EF2-236427B70F31}.Release|Any CPU.Build.0 = Release|Any CPU
		{679281A9-BCAE-4ED4-8BF0-B0C151E5B0B8}.Debug|Any CPU.ActiveCfg = Debug|Any CPU
		{679281A9-BCAE-4ED4-8BF0-B0C151E5B0B8}.Debug|Any CPU.Build.0 = Debug|Any CPU
		{679281A9-BCAE-4ED4-8BF0-B0C151E5B0B8}.Release|Any CPU.ActiveCfg = Release|Any CPU
		{679281A9-BCAE-4ED4-8BF0-B0C151E5B0B8}.Release|Any CPU.Build.0 = Release|Any CPU
		{F8B61E43-2030-43AA-9CEB-F7FDDC3CEC15}.Debug|Any CPU.ActiveCfg = Debug|Any CPU
		{F8B61E43-2030-43AA-9CEB-F7FDDC3CEC15}.Debug|Any CPU.Build.0 = Debug|Any CPU
		{F8B61E43-2030-43AA-9CEB-F7FDDC3CEC15}.Release|Any CPU.ActiveCfg = Release|Any CPU
		{F8B61E43-2030-43AA-9CEB-F7FDDC3CEC15}.Release|Any CPU.Build.0 = Release|Any CPU
		{129C9308-E90F-48CC-9595-C259F64E76C3}.Debug|Any CPU.ActiveCfg = Debug|Any CPU
		{129C9308-E90F-48CC-9595-C259F64E76C3}.Debug|Any CPU.Build.0 = Debug|Any CPU
		{129C9308-E90F-48CC-9595-C259F64E76C3}.Release|Any CPU.ActiveCfg = Release|Any CPU
		{129C9308-E90F-48CC-9595-C259F64E76C3}.Release|Any CPU.Build.0 = Release|Any CPU
		{F454F52B-905C-444A-BB00-51DFEB710D78}.Debug|Any CPU.ActiveCfg = Debug|Any CPU
		{F454F52B-905C-444A-BB00-51DFEB710D78}.Debug|Any CPU.Build.0 = Debug|Any CPU
		{F454F52B-905C-444A-BB00-51DFEB710D78}.Release|Any CPU.ActiveCfg = Release|Any CPU
		{F454F52B-905C-444A-BB00-51DFEB710D78}.Release|Any CPU.Build.0 = Release|Any CPU
		{0D02C39E-0446-421C-9D4C-50B1B0FFAF85}.Debug|Any CPU.ActiveCfg = Debug|Any CPU
		{0D02C39E-0446-421C-9D4C-50B1B0FFAF85}.Debug|Any CPU.Build.0 = Debug|Any CPU
		{0D02C39E-0446-421C-9D4C-50B1B0FFAF85}.Release|Any CPU.ActiveCfg = Release|Any CPU
		{0D02C39E-0446-421C-9D4C-50B1B0FFAF85}.Release|Any CPU.Build.0 = Release|Any CPU
		{539D1E80-93EE-41F2-A2D8-86EFBC39A267}.Debug|Any CPU.ActiveCfg = Debug|Any CPU
		{539D1E80-93EE-41F2-A2D8-86EFBC39A267}.Debug|Any CPU.Build.0 = Debug|Any CPU
		{539D1E80-93EE-41F2-A2D8-86EFBC39A267}.Release|Any CPU.ActiveCfg = Release|Any CPU
		{539D1E80-93EE-41F2-A2D8-86EFBC39A267}.Release|Any CPU.Build.0 = Release|Any CPU
		{A3870EBE-597E-46B2-BAA4-F57077A9DF3E}.Debug|Any CPU.ActiveCfg = Debug|Any CPU
		{A3870EBE-597E-46B2-BAA4-F57077A9DF3E}.Debug|Any CPU.Build.0 = Debug|Any CPU
		{A3870EBE-597E-46B2-BAA4-F57077A9DF3E}.Release|Any CPU.ActiveCfg = Release|Any CPU
		{A3870EBE-597E-46B2-BAA4-F57077A9DF3E}.Release|Any CPU.Build.0 = Release|Any CPU
		{629E9FEA-0906-492A-B041-F64C93DFD7F0}.Debug|Any CPU.ActiveCfg = Debug|Any CPU
		{629E9FEA-0906-492A-B041-F64C93DFD7F0}.Debug|Any CPU.Build.0 = Debug|Any CPU
		{629E9FEA-0906-492A-B041-F64C93DFD7F0}.Release|Any CPU.ActiveCfg = Release|Any CPU
		{629E9FEA-0906-492A-B041-F64C93DFD7F0}.Release|Any CPU.Build.0 = Release|Any CPU
		{671E7003-45CD-4170-80EF-310C272B473E}.Debug|Any CPU.ActiveCfg = Debug|Any CPU
		{671E7003-45CD-4170-80EF-310C272B473E}.Debug|Any CPU.Build.0 = Debug|Any CPU
		{671E7003-45CD-4170-80EF-310C272B473E}.Release|Any CPU.ActiveCfg = Release|Any CPU
		{671E7003-45CD-4170-80EF-310C272B473E}.Release|Any CPU.Build.0 = Release|Any CPU
		{9FF61100-8C81-48F7-8E7C-B4126E6FD6A8}.Debug|Any CPU.ActiveCfg = Debug|Any CPU
		{9FF61100-8C81-48F7-8E7C-B4126E6FD6A8}.Debug|Any CPU.Build.0 = Debug|Any CPU
		{9FF61100-8C81-48F7-8E7C-B4126E6FD6A8}.Release|Any CPU.ActiveCfg = Release|Any CPU
		{9FF61100-8C81-48F7-8E7C-B4126E6FD6A8}.Release|Any CPU.Build.0 = Release|Any CPU
		{D160D411-1C41-4479-AE65-78F3F429EF63}.Debug|Any CPU.ActiveCfg = Debug|Any CPU
		{D160D411-1C41-4479-AE65-78F3F429EF63}.Debug|Any CPU.Build.0 = Debug|Any CPU
		{D160D411-1C41-4479-AE65-78F3F429EF63}.Release|Any CPU.ActiveCfg = Release|Any CPU
		{D160D411-1C41-4479-AE65-78F3F429EF63}.Release|Any CPU.Build.0 = Release|Any CPU
		{BACE4C99-DF7F-4585-9FCA-41731154F966}.Debug|Any CPU.ActiveCfg = Debug|Any CPU
		{BACE4C99-DF7F-4585-9FCA-41731154F966}.Debug|Any CPU.Build.0 = Debug|Any CPU
		{BACE4C99-DF7F-4585-9FCA-41731154F966}.Release|Any CPU.ActiveCfg = Release|Any CPU
		{BACE4C99-DF7F-4585-9FCA-41731154F966}.Release|Any CPU.Build.0 = Release|Any CPU
		{E983A146-6F04-42D1-A663-8329DA2F8AEC}.Debug|Any CPU.ActiveCfg = Debug|Any CPU
		{E983A146-6F04-42D1-A663-8329DA2F8AEC}.Debug|Any CPU.Build.0 = Debug|Any CPU
		{E983A146-6F04-42D1-A663-8329DA2F8AEC}.Release|Any CPU.ActiveCfg = Release|Any CPU
		{E983A146-6F04-42D1-A663-8329DA2F8AEC}.Release|Any CPU.Build.0 = Release|Any CPU
		{DDB764B9-F14B-4497-A841-50128B70BE39}.Debug|Any CPU.ActiveCfg = Debug|Any CPU
		{DDB764B9-F14B-4497-A841-50128B70BE39}.Debug|Any CPU.Build.0 = Debug|Any CPU
		{DDB764B9-F14B-4497-A841-50128B70BE39}.Release|Any CPU.ActiveCfg = Release|Any CPU
		{DDB764B9-F14B-4497-A841-50128B70BE39}.Release|Any CPU.Build.0 = Release|Any CPU
		{9A0CAA35-7DD1-4247-9696-237FC2F9A7C7}.Debug|Any CPU.ActiveCfg = Debug|Any CPU
		{9A0CAA35-7DD1-4247-9696-237FC2F9A7C7}.Debug|Any CPU.Build.0 = Debug|Any CPU
		{9A0CAA35-7DD1-4247-9696-237FC2F9A7C7}.Release|Any CPU.ActiveCfg = Release|Any CPU
		{9A0CAA35-7DD1-4247-9696-237FC2F9A7C7}.Release|Any CPU.Build.0 = Release|Any CPU
		{5297FD61-611F-4457-8D74-3FBF6707FDEE}.Debug|Any CPU.ActiveCfg = Debug|Any CPU
		{5297FD61-611F-4457-8D74-3FBF6707FDEE}.Debug|Any CPU.Build.0 = Debug|Any CPU
		{5297FD61-611F-4457-8D74-3FBF6707FDEE}.Release|Any CPU.ActiveCfg = Release|Any CPU
		{5297FD61-611F-4457-8D74-3FBF6707FDEE}.Release|Any CPU.Build.0 = Release|Any CPU
		{BD45E14C-1126-40EE-B6F0-4333A742A3FA}.Debug|Any CPU.ActiveCfg = Debug|Any CPU
		{BD45E14C-1126-40EE-B6F0-4333A742A3FA}.Debug|Any CPU.Build.0 = Debug|Any CPU
		{BD45E14C-1126-40EE-B6F0-4333A742A3FA}.Release|Any CPU.ActiveCfg = Release|Any CPU
		{BD45E14C-1126-40EE-B6F0-4333A742A3FA}.Release|Any CPU.Build.0 = Release|Any CPU
		{F8AE52DC-9AC5-4B3F-897B-76AD2DE72633}.Debug|Any CPU.ActiveCfg = Debug|Any CPU
		{F8AE52DC-9AC5-4B3F-897B-76AD2DE72633}.Debug|Any CPU.Build.0 = Debug|Any CPU
		{F8AE52DC-9AC5-4B3F-897B-76AD2DE72633}.Release|Any CPU.ActiveCfg = Release|Any CPU
		{F8AE52DC-9AC5-4B3F-897B-76AD2DE72633}.Release|Any CPU.Build.0 = Release|Any CPU
		{64A74572-FD26-46CF-AD38-603A44A7F377}.Debug|Any CPU.ActiveCfg = Debug|Any CPU
		{64A74572-FD26-46CF-AD38-603A44A7F377}.Debug|Any CPU.Build.0 = Debug|Any CPU
		{64A74572-FD26-46CF-AD38-603A44A7F377}.Release|Any CPU.ActiveCfg = Release|Any CPU
		{64A74572-FD26-46CF-AD38-603A44A7F377}.Release|Any CPU.Build.0 = Release|Any CPU
		{82A2D1F1-44D9-4873-8427-ABA86B890CAC}.Debug|Any CPU.ActiveCfg = Debug|Any CPU
		{82A2D1F1-44D9-4873-8427-ABA86B890CAC}.Debug|Any CPU.Build.0 = Debug|Any CPU
		{82A2D1F1-44D9-4873-8427-ABA86B890CAC}.Release|Any CPU.ActiveCfg = Release|Any CPU
		{82A2D1F1-44D9-4873-8427-ABA86B890CAC}.Release|Any CPU.Build.0 = Release|Any CPU
		{933F7E0C-2DE8-4770-8001-55D6D6052EA1}.Debug|Any CPU.ActiveCfg = Debug|Any CPU
		{933F7E0C-2DE8-4770-8001-55D6D6052EA1}.Debug|Any CPU.Build.0 = Debug|Any CPU
		{933F7E0C-2DE8-4770-8001-55D6D6052EA1}.Release|Any CPU.ActiveCfg = Release|Any CPU
		{933F7E0C-2DE8-4770-8001-55D6D6052EA1}.Release|Any CPU.Build.0 = Release|Any CPU
		{B3F8C159-F58A-438C-AEA3-4326400D3847}.Debug|Any CPU.ActiveCfg = Debug|Any CPU
		{B3F8C159-F58A-438C-AEA3-4326400D3847}.Debug|Any CPU.Build.0 = Debug|Any CPU
		{B3F8C159-F58A-438C-AEA3-4326400D3847}.Release|Any CPU.ActiveCfg = Release|Any CPU
		{B3F8C159-F58A-438C-AEA3-4326400D3847}.Release|Any CPU.Build.0 = Release|Any CPU
		{6C9D45F6-3B9C-47D3-97C3-449AE931BFB5}.Debug|Any CPU.ActiveCfg = Debug|Any CPU
		{6C9D45F6-3B9C-47D3-97C3-449AE931BFB5}.Debug|Any CPU.Build.0 = Debug|Any CPU
		{6C9D45F6-3B9C-47D3-97C3-449AE931BFB5}.Release|Any CPU.ActiveCfg = Release|Any CPU
		{6C9D45F6-3B9C-47D3-97C3-449AE931BFB5}.Release|Any CPU.Build.0 = Release|Any CPU
		{8A1B220A-DF89-46E9-A5DF-FE6A3AD35526}.Debug|Any CPU.ActiveCfg = Debug|Any CPU
		{8A1B220A-DF89-46E9-A5DF-FE6A3AD35526}.Debug|Any CPU.Build.0 = Debug|Any CPU
		{8A1B220A-DF89-46E9-A5DF-FE6A3AD35526}.Release|Any CPU.ActiveCfg = Release|Any CPU
		{8A1B220A-DF89-46E9-A5DF-FE6A3AD35526}.Release|Any CPU.Build.0 = Release|Any CPU
		{BB01C390-CD31-47F6-94C4-C89F43BC157F}.Debug|Any CPU.ActiveCfg = Debug|Any CPU
		{BB01C390-CD31-47F6-94C4-C89F43BC157F}.Debug|Any CPU.Build.0 = Debug|Any CPU
		{BB01C390-CD31-47F6-94C4-C89F43BC157F}.Release|Any CPU.ActiveCfg = Release|Any CPU
		{BB01C390-CD31-47F6-94C4-C89F43BC157F}.Release|Any CPU.Build.0 = Release|Any CPU
		{5FD21A78-6AC6-4382-B401-9B775F73BBF5}.Debug|Any CPU.ActiveCfg = Debug|Any CPU
		{5FD21A78-6AC6-4382-B401-9B775F73BBF5}.Debug|Any CPU.Build.0 = Debug|Any CPU
		{5FD21A78-6AC6-4382-B401-9B775F73BBF5}.Release|Any CPU.ActiveCfg = Release|Any CPU
		{5FD21A78-6AC6-4382-B401-9B775F73BBF5}.Release|Any CPU.Build.0 = Release|Any CPU
		{431EA97D-51E1-48A4-8819-477FDD88C587}.Debug|Any CPU.ActiveCfg = Debug|Any CPU
		{431EA97D-51E1-48A4-8819-477FDD88C587}.Debug|Any CPU.Build.0 = Debug|Any CPU
		{431EA97D-51E1-48A4-8819-477FDD88C587}.Release|Any CPU.ActiveCfg = Release|Any CPU
		{431EA97D-51E1-48A4-8819-477FDD88C587}.Release|Any CPU.Build.0 = Release|Any CPU
		{65B6096C-3DCA-4CD1-81E7-9DB8B833CDAD}.Debug|Any CPU.ActiveCfg = Debug|Any CPU
		{65B6096C-3DCA-4CD1-81E7-9DB8B833CDAD}.Debug|Any CPU.Build.0 = Debug|Any CPU
		{65B6096C-3DCA-4CD1-81E7-9DB8B833CDAD}.Release|Any CPU.ActiveCfg = Release|Any CPU
		{65B6096C-3DCA-4CD1-81E7-9DB8B833CDAD}.Release|Any CPU.Build.0 = Release|Any CPU
		{CE7A0499-C43E-4C66-9992-335E6AA25C4D}.Debug|Any CPU.ActiveCfg = Debug|Any CPU
		{CE7A0499-C43E-4C66-9992-335E6AA25C4D}.Debug|Any CPU.Build.0 = Debug|Any CPU
		{CE7A0499-C43E-4C66-9992-335E6AA25C4D}.Release|Any CPU.ActiveCfg = Release|Any CPU
		{CE7A0499-C43E-4C66-9992-335E6AA25C4D}.Release|Any CPU.Build.0 = Release|Any CPU
		{9CEA595B-6955-445B-8855-13B00EC910CC}.Debug|Any CPU.ActiveCfg = Debug|Any CPU
		{9CEA595B-6955-445B-8855-13B00EC910CC}.Debug|Any CPU.Build.0 = Debug|Any CPU
		{9CEA595B-6955-445B-8855-13B00EC910CC}.Release|Any CPU.ActiveCfg = Release|Any CPU
		{9CEA595B-6955-445B-8855-13B00EC910CC}.Release|Any CPU.Build.0 = Release|Any CPU
		{804064A3-49F1-4767-A15D-BF811FD672F7}.Debug|Any CPU.ActiveCfg = Debug|Any CPU
		{804064A3-49F1-4767-A15D-BF811FD672F7}.Debug|Any CPU.Build.0 = Debug|Any CPU
		{804064A3-49F1-4767-A15D-BF811FD672F7}.Release|Any CPU.ActiveCfg = Release|Any CPU
		{804064A3-49F1-4767-A15D-BF811FD672F7}.Release|Any CPU.Build.0 = Release|Any CPU
		{F7ACF6C3-230C-4D77-AA2E-CE82F8FFD05F}.Debug|Any CPU.ActiveCfg = Debug|Any CPU
		{F7ACF6C3-230C-4D77-AA2E-CE82F8FFD05F}.Debug|Any CPU.Build.0 = Debug|Any CPU
		{F7ACF6C3-230C-4D77-AA2E-CE82F8FFD05F}.Release|Any CPU.ActiveCfg = Release|Any CPU
		{F7ACF6C3-230C-4D77-AA2E-CE82F8FFD05F}.Release|Any CPU.Build.0 = Release|Any CPU
		{B25D0B5A-CC71-4DC3-98B4-9C6957F95FEA}.Debug|Any CPU.ActiveCfg = Debug|Any CPU
		{B25D0B5A-CC71-4DC3-98B4-9C6957F95FEA}.Debug|Any CPU.Build.0 = Debug|Any CPU
		{B25D0B5A-CC71-4DC3-98B4-9C6957F95FEA}.Release|Any CPU.ActiveCfg = Release|Any CPU
		{B25D0B5A-CC71-4DC3-98B4-9C6957F95FEA}.Release|Any CPU.Build.0 = Release|Any CPU
		{6454E0D4-DABA-4E46-8816-F49B742669D2}.Debug|Any CPU.ActiveCfg = Debug|Any CPU
		{6454E0D4-DABA-4E46-8816-F49B742669D2}.Debug|Any CPU.Build.0 = Debug|Any CPU
		{6454E0D4-DABA-4E46-8816-F49B742669D2}.Release|Any CPU.ActiveCfg = Release|Any CPU
		{6454E0D4-DABA-4E46-8816-F49B742669D2}.Release|Any CPU.Build.0 = Release|Any CPU
		{987A33D8-386C-4CAA-A71E-1E736E4F2369}.Debug|Any CPU.ActiveCfg = Debug|Any CPU
		{987A33D8-386C-4CAA-A71E-1E736E4F2369}.Debug|Any CPU.Build.0 = Debug|Any CPU
		{987A33D8-386C-4CAA-A71E-1E736E4F2369}.Release|Any CPU.ActiveCfg = Release|Any CPU
		{987A33D8-386C-4CAA-A71E-1E736E4F2369}.Release|Any CPU.Build.0 = Release|Any CPU
		{645CE321-AD18-4E5B-98BD-66ED9C1BC0A0}.Debug|Any CPU.ActiveCfg = Debug|Any CPU
		{645CE321-AD18-4E5B-98BD-66ED9C1BC0A0}.Debug|Any CPU.Build.0 = Debug|Any CPU
		{645CE321-AD18-4E5B-98BD-66ED9C1BC0A0}.Release|Any CPU.ActiveCfg = Release|Any CPU
		{645CE321-AD18-4E5B-98BD-66ED9C1BC0A0}.Release|Any CPU.Build.0 = Release|Any CPU
		{DB2680D5-1CB6-48F9-91D2-33651445AFEB}.Debug|Any CPU.ActiveCfg = Debug|Any CPU
		{DB2680D5-1CB6-48F9-91D2-33651445AFEB}.Debug|Any CPU.Build.0 = Debug|Any CPU
		{DB2680D5-1CB6-48F9-91D2-33651445AFEB}.Release|Any CPU.ActiveCfg = Release|Any CPU
		{DB2680D5-1CB6-48F9-91D2-33651445AFEB}.Release|Any CPU.Build.0 = Release|Any CPU
		{FC15B713-6AF6-4455-947E-021A70C53F27}.Debug|Any CPU.ActiveCfg = Debug|Any CPU
		{FC15B713-6AF6-4455-947E-021A70C53F27}.Debug|Any CPU.Build.0 = Debug|Any CPU
		{FC15B713-6AF6-4455-947E-021A70C53F27}.Release|Any CPU.ActiveCfg = Release|Any CPU
		{FC15B713-6AF6-4455-947E-021A70C53F27}.Release|Any CPU.Build.0 = Release|Any CPU
		{83845F01-C57A-4BA9-8C55-4591F7A1A827}.Debug|Any CPU.ActiveCfg = Debug|Any CPU
		{83845F01-C57A-4BA9-8C55-4591F7A1A827}.Debug|Any CPU.Build.0 = Debug|Any CPU
		{83845F01-C57A-4BA9-8C55-4591F7A1A827}.Release|Any CPU.ActiveCfg = Release|Any CPU
		{83845F01-C57A-4BA9-8C55-4591F7A1A827}.Release|Any CPU.Build.0 = Release|Any CPU
		{7B6A16FE-8389-4B98-BDE1-DA888DDC0298}.Debug|Any CPU.ActiveCfg = Debug|Any CPU
		{7B6A16FE-8389-4B98-BDE1-DA888DDC0298}.Debug|Any CPU.Build.0 = Debug|Any CPU
		{7B6A16FE-8389-4B98-BDE1-DA888DDC0298}.Release|Any CPU.ActiveCfg = Release|Any CPU
		{7B6A16FE-8389-4B98-BDE1-DA888DDC0298}.Release|Any CPU.Build.0 = Release|Any CPU
		{70077B5C-D23D-4F28-940B-6D494F14CB55}.Debug|Any CPU.ActiveCfg = Debug|Any CPU
		{70077B5C-D23D-4F28-940B-6D494F14CB55}.Debug|Any CPU.Build.0 = Debug|Any CPU
		{70077B5C-D23D-4F28-940B-6D494F14CB55}.Release|Any CPU.ActiveCfg = Release|Any CPU
		{70077B5C-D23D-4F28-940B-6D494F14CB55}.Release|Any CPU.Build.0 = Release|Any CPU
		{767F9EC7-D592-449E-B541-ECFCD5422E0F}.Debug|Any CPU.ActiveCfg = Debug|Any CPU
		{767F9EC7-D592-449E-B541-ECFCD5422E0F}.Debug|Any CPU.Build.0 = Debug|Any CPU
		{767F9EC7-D592-449E-B541-ECFCD5422E0F}.Release|Any CPU.ActiveCfg = Release|Any CPU
		{767F9EC7-D592-449E-B541-ECFCD5422E0F}.Release|Any CPU.Build.0 = Release|Any CPU
		{F9B88381-93E1-47F7-83A4-FC72FEBD744F}.Debug|Any CPU.ActiveCfg = Debug|Any CPU
		{F9B88381-93E1-47F7-83A4-FC72FEBD744F}.Debug|Any CPU.Build.0 = Debug|Any CPU
		{F9B88381-93E1-47F7-83A4-FC72FEBD744F}.Release|Any CPU.ActiveCfg = Release|Any CPU
		{F9B88381-93E1-47F7-83A4-FC72FEBD744F}.Release|Any CPU.Build.0 = Release|Any CPU
		{6A46F910-0F81-4675-A85A-5DE73BEAF7FD}.Debug|Any CPU.ActiveCfg = Debug|Any CPU
		{6A46F910-0F81-4675-A85A-5DE73BEAF7FD}.Debug|Any CPU.Build.0 = Debug|Any CPU
		{6A46F910-0F81-4675-A85A-5DE73BEAF7FD}.Release|Any CPU.ActiveCfg = Release|Any CPU
		{6A46F910-0F81-4675-A85A-5DE73BEAF7FD}.Release|Any CPU.Build.0 = Release|Any CPU
		{4CD871AD-9AF2-41C6-B13C-3E0BB194E2A0}.Debug|Any CPU.ActiveCfg = Debug|Any CPU
		{4CD871AD-9AF2-41C6-B13C-3E0BB194E2A0}.Debug|Any CPU.Build.0 = Debug|Any CPU
		{4CD871AD-9AF2-41C6-B13C-3E0BB194E2A0}.Release|Any CPU.ActiveCfg = Release|Any CPU
		{4CD871AD-9AF2-41C6-B13C-3E0BB194E2A0}.Release|Any CPU.Build.0 = Release|Any CPU
	EndGlobalSection
	GlobalSection(SolutionProperties) = preSolution
		HideSolutionNode = FALSE
	EndGlobalSection
	GlobalSection(ExtensibilityGlobals) = postSolution
		SolutionGuid = {1ADE3280-3465-48C2-B20E-3DE35F707800}
	EndGlobalSection
EndGlobal
